
Microsoft Visual Studio Solution File, Format Version 12.00
# Visual Studio Version 17
VisualStudioVersion = 17.8.34316.72
MinimumVisualStudioVersion = 10.0.40219.1
Project("{FAE04EC0-301F-11D3-BF4B-00C04F79EFBC}") = "BackAgenciaWebApi", "BackAgenciaWebApi\BackAgenciaWebApi.csproj", "{03503E07-B400-405C-A654-C7C9AC36D274}"
EndProject
Global
	GlobalSection(SolutionConfigurationPlatforms) = preSolution
		Debug|Any CPU = Debug|Any CPU
		Release|Any CPU = Release|Any CPU
	EndGlobalSection
	GlobalSection(ProjectConfigurationPlatforms) = postSolution
		{03503E07-B400-405C-A654-C7C9AC36D274}.Debug|Any CPU.ActiveCfg = Debug|Any CPU
		{03503E07-B400-405C-A654-C7C9AC36D274}.Debug|Any CPU.Build.0 = Debug|Any CPU
		{03503E07-B400-405C-A654-C7C9AC36D274}.Release|Any CPU.ActiveCfg = Release|Any CPU
		{03503E07-B400-405C-A654-C7C9AC36D274}.Release|Any CPU.Build.0 = Release|Any CPU
	EndGlobalSection
	GlobalSection(SolutionProperties) = preSolution
		HideSolutionNode = FALSE
	EndGlobalSection
	GlobalSection(ExtensibilityGlobals) = postSolution
		SolutionGuid = {A87E1F76-8F12-46E3-88A9-8A56320002E4}
	EndGlobalSection
EndGlobal
